
Microsoft Visual Studio Solution File, Format Version 12.00
# Visual Studio Version 17
VisualStudioVersion = 17.2.32630.192
MinimumVisualStudioVersion = 10.0.40219.1
Project("{FAE04EC0-301F-11D3-BF4B-00C04F79EFBC}") = "DevCard_MVC", "DevCard_MVC\DevCard_MVC.csproj", "{B3C55226-948F-4EFB-9CD4-D2950AB89A66}"
EndProject
Global
	GlobalSection(SolutionConfigurationPlatforms) = preSolution
		Debug|Any CPU = Debug|Any CPU
		Release|Any CPU = Release|Any CPU
	EndGlobalSection
	GlobalSection(ProjectConfigurationPlatforms) = postSolution
		{B3C55226-948F-4EFB-9CD4-D2950AB89A66}.Debug|Any CPU.ActiveCfg = Debug|Any CPU
		{B3C55226-948F-4EFB-9CD4-D2950AB89A66}.Debug|Any CPU.Build.0 = Debug|Any CPU
		{B3C55226-948F-4EFB-9CD4-D2950AB89A66}.Release|Any CPU.ActiveCfg = Release|Any CPU
		{B3C55226-948F-4EFB-9CD4-D2950AB89A66}.Release|Any CPU.Build.0 = Release|Any CPU
	EndGlobalSection
	GlobalSection(SolutionProperties) = preSolution
		HideSolutionNode = FALSE
	EndGlobalSection
	GlobalSection(ExtensibilityGlobals) = postSolution
		SolutionGuid = {359470E3-1819-43DE-8A5A-985639BA5EDA}
	EndGlobalSection
EndGlobal
